
Microsoft Visual Studio Solution File, Format Version 12.00
# Visual Studio Version 17
VisualStudioVersion = 17.11.35222.181
MinimumVisualStudioVersion = 10.0.40219.1
Project("{FAE04EC0-301F-11D3-BF4B-00C04F79EFBC}") = "FactoryPattern", "FactoryPattern\FactoryPattern.csproj", "{55FC53E1-9939-4263-9E88-428B6055A92E}"
EndProject
Global
	GlobalSection(SolutionConfigurationPlatforms) = preSolution
		Debug|Any CPU = Debug|Any CPU
		Release|Any CPU = Release|Any CPU
	EndGlobalSection
	GlobalSection(ProjectConfigurationPlatforms) = postSolution
		{55FC53E1-9939-4263-9E88-428B6055A92E}.Debug|Any CPU.ActiveCfg = Debug|Any CPU
		{55FC53E1-9939-4263-9E88-428B6055A92E}.Debug|Any CPU.Build.0 = Debug|Any CPU
		{55FC53E1-9939-4263-9E88-428B6055A92E}.Release|Any CPU.ActiveCfg = Release|Any CPU
		{55FC53E1-9939-4263-9E88-428B6055A92E}.Release|Any CPU.Build.0 = Release|Any CPU
	EndGlobalSection
	GlobalSection(SolutionProperties) = preSolution
		HideSolutionNode = FALSE
	EndGlobalSection
	GlobalSection(ExtensibilityGlobals) = postSolution
		SolutionGuid = {0BD578B9-B11F-4AAC-82C8-E78EEF82769E}
	EndGlobalSection
EndGlobal
